
Microsoft Visual Studio Solution File, Format Version 12.00
# Visual Studio Version 17
VisualStudioVersion = 17.11.35222.181
MinimumVisualStudioVersion = 10.0.40219.1
Project("{FAE04EC0-301F-11D3-BF4B-00C04F79EFBC}") = "FinjectorV2", "FinjectorV2\FinjectorV2.csproj", "{F7715B84-E0CB-4F39-A1E1-53904274AC48}"
EndProject
Global
	GlobalSection(SolutionConfigurationPlatforms) = preSolution
		Debug|Any CPU = Debug|Any CPU
		Release|Any CPU = Release|Any CPU
	EndGlobalSection
	GlobalSection(ProjectConfigurationPlatforms) = postSolution
		{F7715B84-E0CB-4F39-A1E1-53904274AC48}.Debug|Any CPU.ActiveCfg = Debug|Any CPU
		{F7715B84-E0CB-4F39-A1E1-53904274AC48}.Debug|Any CPU.Build.0 = Debug|Any CPU
		{F7715B84-E0CB-4F39-A1E1-53904274AC48}.Release|Any CPU.ActiveCfg = Release|Any CPU
		{F7715B84-E0CB-4F39-A1E1-53904274AC48}.Release|Any CPU.Build.0 = Release|Any CPU
	EndGlobalSection
	GlobalSection(SolutionProperties) = preSolution
		HideSolutionNode = FALSE
	EndGlobalSection
	GlobalSection(ExtensibilityGlobals) = postSolution
		SolutionGuid = {FD930BA1-4935-4ADE-96EA-A6BE0F11C067}
	EndGlobalSection
EndGlobal
